github.com/disic/frago v0.0.0-20211027161950-62303a1c4025/go.mod h1:P+FGLyK+Tit1HIeu1aDFxIwQCCrYTJflqCX0Xue/jXM=
github.com/disic/frago v0.0.0-20211028073250-ea829e73319b h1:aJW3NV8MI5JNCUM5/c/2gAWPI4Y1WVuGv6Fg4TPCwTI=
github.com/disic/frago v0.0.0-20211028073250-ea829e73319b/go.mod h1:P+FGLyK+Tit1HIeu1aDFxIwQCCrYTJflqCX0Xue/jXM=
