github.com/disic/frago v0.0.0-20210927111110-7b95be1f3672/go.mod h1:P+FGLyK+Tit1HIeu1aDFxIwQCCrYTJflqCX0Xue/jXM=
github.com/disic/frago v0.0.0-20210928141939-45f90cb25c99 h1:6iP263jeHL6yRijQqSB7XvwDxkRTpfb5GzeaDIa+uDk=
github.com/disic/frago v0.0.0-20210928141939-45f90cb25c99/go.mod h1:P+FGLyK+Tit1HIeu1aDFxIwQCCrYTJflqCX0Xue/jXM=
