github.com/disic/frago v0.0.0-20211028073250-ea829e73319b/go.mod h1:P+FGLyK+Tit1HIeu1aDFxIwQCCrYTJflqCX0Xue/jXM=
github.com/disic/frago v0.0.0-20211028151716-45b2373b1175 h1:A8yPFzih3qRuyJTqYYRt45w4biRE+xD9OGfPtBRqmzQ=
github.com/disic/frago v0.0.0-20211028151716-45b2373b1175/go.mod h1:P+FGLyK+Tit1HIeu1aDFxIwQCCrYTJflqCX0Xue/jXM=
